
Microsoft Visual Studio Solution File, Format Version 12.00
# Visual Studio 15
VisualStudioVersion = 15.0.26730.10
MinimumVisualStudioVersion = 10.0.40219.1
Project("{FAE04EC0-301F-11D3-BF4B-00C04F79EFBC}") = "CodingCraftEX06HangFire", "CodingCraftEX06HangFire\CodingCraftEX06HangFire.csproj", "{78F03A46-AFDA-462B-A5BE-C02DDA7E3CCA}"
EndProject
Global
	GlobalSection(SolutionConfigurationPlatforms) = preSolution
		Debug|Any CPU = Debug|Any CPU
		Release|Any CPU = Release|Any CPU
	EndGlobalSection
	GlobalSection(ProjectConfigurationPlatforms) = postSolution
		{78F03A46-AFDA-462B-A5BE-C02DDA7E3CCA}.Debug|Any CPU.ActiveCfg = Debug|Any CPU
		{78F03A46-AFDA-462B-A5BE-C02DDA7E3CCA}.Debug|Any CPU.Build.0 = Debug|Any CPU
		{78F03A46-AFDA-462B-A5BE-C02DDA7E3CCA}.Release|Any CPU.ActiveCfg = Release|Any CPU
		{78F03A46-AFDA-462B-A5BE-C02DDA7E3CCA}.Release|Any CPU.Build.0 = Release|Any CPU
	EndGlobalSection
	GlobalSection(SolutionProperties) = preSolution
		HideSolutionNode = FALSE
	EndGlobalSection
	GlobalSection(ExtensibilityGlobals) = postSolution
		SolutionGuid = {E7CEB177-C470-4BBB-A668-052453B1E1D7}
	EndGlobalSection
EndGlobal
